
Microsoft Visual Studio Solution File, Format Version 12.00
# Visual Studio 2013
VisualStudioVersion = 12.0.40629.0
MinimumVisualStudioVersion = 10.0.40219.1
Project("{F184B08F-C81C-45F6-A57F-5ABD9991F28F}") = "SystemInfo", "SystemInfo\SystemInfo.vbproj", "{093C0DDC-1F21-4DBD-93FA-3742DDE19724}"
EndProject
Global
	GlobalSection(SolutionConfigurationPlatforms) = preSolution
		Debug|Any CPU = Debug|Any CPU
		Release|Any CPU = Release|Any CPU
	EndGlobalSection
	GlobalSection(ProjectConfigurationPlatforms) = postSolution
		{093C0DDC-1F21-4DBD-93FA-3742DDE19724}.Debug|Any CPU.ActiveCfg = Debug|Any CPU
		{093C0DDC-1F21-4DBD-93FA-3742DDE19724}.Debug|Any CPU.Build.0 = Debug|Any CPU
		{093C0DDC-1F21-4DBD-93FA-3742DDE19724}.Release|Any CPU.ActiveCfg = Release|Any CPU
		{093C0DDC-1F21-4DBD-93FA-3742DDE19724}.Release|Any CPU.Build.0 = Release|Any CPU
	EndGlobalSection
	GlobalSection(SolutionProperties) = preSolution
		HideSolutionNode = FALSE
	EndGlobalSection
EndGlobal
